
Microsoft Visual Studio Solution File, Format Version 12.00
# Visual Studio Version 17
VisualStudioVersion = 17.0.31903.59
MinimumVisualStudioVersion = 10.0.40219.1
Project("{2150E333-8FDC-42A3-9474-1A3956D46DE8}") = "MicroServiceClient", "MicroServiceClient", "{360628A2-BE65-DA5C-AC04-76A69A9DE92B}"
EndProject
Project("{FAE04EC0-301F-11D3-BF4B-00C04F79EFBC}") = "MicroServiceClient", "MicroServiceClient\MicroServiceClient\MicroServiceClient.csproj", "{CFC658FE-0175-4F0C-BE65-1BF58778CB80}"
EndProject
Project("{FAE04EC0-301F-11D3-BF4B-00C04F79EFBC}") = "MicroServiceClient.Application", "MicroServiceClient\MicroServiceClient.Application\MicroServiceClient.Application.csproj", "{2DB4D842-D413-4A34-8B5B-5E2A42FF4EDD}"
EndProject
Project("{FAE04EC0-301F-11D3-BF4B-00C04F79EFBC}") = "MicroServiceClient.Domain", "MicroServiceClient\MicroServiceClient.Domain\MicroServiceClient.Domain.csproj", "{18BD34CA-115F-45F1-BE57-E89A34EEA31F}"
EndProject
Project("{FAE04EC0-301F-11D3-BF4B-00C04F79EFBC}") = "MicroServiceClient.Infrastructure", "MicroServiceClient\MicroServiceClient.Infrastructure\MicroServiceClient.Infrastructure.csproj", "{280F7AE3-707D-4F4B-A112-951556D8D331}"
EndProject
Project("{2150E333-8FDC-42A3-9474-1A3956D46DE8}") = "MicroServiceDistributors", "MicroServiceDistributors", "{1EA356A3-F4AF-A578-58D6-41F39E0EC380}"
EndProject
Project("{FAE04EC0-301F-11D3-BF4B-00C04F79EFBC}") = "MicroServiceDistributors.API", "MicroServiceDistributors\MicroServiceDistributors\MicroServiceDistributors.API.csproj", "{F0FA2F83-D4EF-415C-8C75-F6F294E8C768}"
EndProject
Project("{FAE04EC0-301F-11D3-BF4B-00C04F79EFBC}") = "MicroServiceDistributors.Application", "MicroServiceDistributors\MicroServiceDistributors.Application\MicroServiceDistributors.Application.csproj", "{9FB28EE8-8271-4357-8B10-9083F9CA6781}"
EndProject
Project("{FAE04EC0-301F-11D3-BF4B-00C04F79EFBC}") = "MicroServiceDistributors.Domain", "MicroServiceDistributors\MicroServiceDistributors.Domain\MicroServiceDistributors.Domain.csproj", "{44B6579A-47D2-4708-BD95-DEBEBA891708}"
EndProject
Project("{FAE04EC0-301F-11D3-BF4B-00C04F79EFBC}") = "MicroServiceDistributors.Infraestructure", "MicroServiceDistributors\MicroServiceDistributors.Infraestructure\MicroServiceDistributors.Infraestructure.csproj", "{5B32C2F7-B76A-4F51-B14D-CCA1DF5CAC85}"
EndProject
Project("{2150E333-8FDC-42A3-9474-1A3956D46DE8}") = "MicroServiceProduct", "MicroServiceProduct", "{288A445D-3B59-671C-B7F0-31F5A1053A95}"
EndProject
Project("{FAE04EC0-301F-11D3-BF4B-00C04F79EFBC}") = "MicroServiceProduct", "MicroServiceProduct\MicroServiceProduct\MicroServiceProduct.csproj", "{A2EC2AA4-3C56-4729-9CF3-D463555E7796}"
EndProject
Project("{FAE04EC0-301F-11D3-BF4B-00C04F79EFBC}") = "MicroServiceProduct.Application", "MicroServiceProduct\MicroServiceProduct.Application\MicroServiceProduct.Application.csproj", "{099CA19C-7496-4EB8-A0AE-7447C83A9DD0}"
EndProject
Project("{FAE04EC0-301F-11D3-BF4B-00C04F79EFBC}") = "MicroServiceProduct.Domain", "MicroServiceProduct\MicroServiceProduct.Domain\MicroServiceProduct.Domain.csproj", "{0CE8C317-2FA0-4FD9-8D05-EA5601170AD5}"
EndProject
Project("{FAE04EC0-301F-11D3-BF4B-00C04F79EFBC}") = "MicroServiceProduct.Infraestructure", "MicroServiceProduct\MicroServiceProduct.Infraestructure\MicroServiceProduct.Infraestructure.csproj", "{B70CB150-7E57-4F7F-BE95-022D8FD3671A}"
EndProject
Project("{2150E333-8FDC-42A3-9474-1A3956D46DE8}") = "MicroServiceUsers", "MicroServiceUsers", "{F3EF090A-8EAA-B67E-D746-51FA7453DB97}"
EndProject
Project("{FAE04EC0-301F-11D3-BF4B-00C04F79EFBC}") = "MicroServiceUsers", "MicroServiceUsers\MicroServiceUsers\MicroServiceUsers.csproj", "{920BCF38-4757-4BB1-BD33-4596707C62CB}"
EndProject
Project("{FAE04EC0-301F-11D3-BF4B-00C04F79EFBC}") = "MicroServiceUsers.Application", "MicroServiceUsers\MicroServiceUsers.Application\MicroServiceUsers.Application.csproj", "{E8A26071-D01A-4C04-8F25-D50388AE18CE}"
EndProject
Project("{FAE04EC0-301F-11D3-BF4B-00C04F79EFBC}") = "MicroServiceUsers.Domain", "MicroServiceUsers\MicroServiceUsers.Domain\MicroServiceUsers.Domain.csproj", "{5245EA57-9622-4F57-A1C3-07FF9369265C}"
EndProject
Project("{FAE04EC0-301F-11D3-BF4B-00C04F79EFBC}") = "MicroServiceUsers.Infrastructure", "MicroServiceUsers\MicroServiceUsers.Infrastructure\MicroServiceUsers.Infrastructure.csproj", "{8B956F15-DF64-4BB2-9F92-5FCFBED6C561}"
EndProject
Project("{FAE04EC0-301F-11D3-BF4B-00C04F79EFBC}") = "MicroServiceWeb", "MicroServiceWeb\MicroServiceWeb.csproj", "{9130DF31-A00A-42A6-9D5D-BF52F854C252}"
EndProject
Project("{FAE04EC0-301F-11D3-BF4B-00C04F79EFBC}") = "MicroServiceReports.Application", "MicroServiceReports\MicroServiceReports.Application\MicroServiceReports.Application.csproj", "{81F1B3B2-D088-A39A-927D-106DFA9E05DB}"
EndProject
Project("{FAE04EC0-301F-11D3-BF4B-00C04F79EFBC}") = "MicroServiceReports", "MicroServiceReports\MicroServiceReports\MicroServiceReports.csproj", "{D2EC0EA4-7A75-92CD-175B-F630ED1D7383}"
EndProject
Project("{FAE04EC0-301F-11D3-BF4B-00C04F79EFBC}") = "MicroServiceReports.Application.Tests", "MicroServiceReports\MicroServiceReports.Application.Tests\MicroServiceReports.Application.Tests.csproj", "{4496BE84-2EB7-3D09-073E-F518800D688D}"
EndProject
Project("{FAE04EC0-301F-11D3-BF4B-00C04F79EFBC}") = "MicroServiceReports.Domain", "MicroServiceReports\MicroServiceReports.Domain\MicroServiceReports.Domain.csproj", "{39A1BCB7-E46B-5340-7DED-41AB8AFDB6D4}"
EndProject
Project("{FAE04EC0-301F-11D3-BF4B-00C04F79EFBC}") = "MicroServiceReports.Infraestructure", "MicroServiceReports\MicroServiceReports.Infraestructure\MicroServiceReports.Infraestructure.csproj", "{08449DD7-4168-42AB-8CA6-6D9155467C6D}"
EndProject
Project("{2150E333-8FDC-42A3-9474-1A3956D46DE8}") = "MicroServiceReport", "MicroServiceReport", "{02EA681E-C7D8-13C7-8484-4AC65E1B71E8}"
EndProject
Project("{FAE04EC0-301F-11D3-BF4B-00C04F79EFBC}") = "MicroServiceSales", "MicroServiceSales\MicroServiceSales\MicroServiceSales.csproj", "{39150F8C-4902-D01C-BE58-E10B2FFEE28A}"
EndProject
Project("{FAE04EC0-301F-11D3-BF4B-00C04F79EFBC}") = "MicroServiceSales.Application", "MicroServiceSales\MicroServiceSales.Application\MicroServiceSales.Application.csproj", "{076EE9F1-EB6C-0DE0-C306-3678DF697259}"
EndProject
Project("{FAE04EC0-301F-11D3-BF4B-00C04F79EFBC}") = "MicroServiceSales.Domain", "MicroServiceSales\MicroServiceSales.Domain\MicroServiceSales.Domain.csproj", "{9C83706C-651C-A234-94EF-C3F4438491FA}"
EndProject
Project("{FAE04EC0-301F-11D3-BF4B-00C04F79EFBC}") = "MicroServiceSales.Infrastructure", "MicroServiceSales\MicroServiceSales.Infrastructure\MicroServiceSales.Infrastructure.csproj", "{3F3B2CBD-DEAE-67F1-2FF8-06FE70A27FCA}"
EndProject
Project("{2150E333-8FDC-42A3-9474-1A3956D46DE8}") = "MicroServiceSale", "MicroServiceSale", "{10504121-1BBD-4FB4-9C0B-9D93D42A3172}"
EndProject
Global
	GlobalSection(SolutionConfigurationPlatforms) = preSolution
		Debug|Any CPU = Debug|Any CPU
		Debug|x64 = Debug|x64
		Debug|x86 = Debug|x86
		Release|Any CPU = Release|Any CPU
		Release|x64 = Release|x64
		Release|x86 = Release|x86
	EndGlobalSection
	GlobalSection(ProjectConfigurationPlatforms) = postSolution
		{CFC658FE-0175-4F0C-BE65-1BF58778CB80}.Debug|Any CPU.ActiveCfg = Debug|Any CPU
		{CFC658FE-0175-4F0C-BE65-1BF58778CB80}.Debug|Any CPU.Build.0 = Debug|Any CPU
		{CFC658FE-0175-4F0C-BE65-1BF58778CB80}.Debug|x64.ActiveCfg = Debug|Any CPU
		{CFC658FE-0175-4F0C-BE65-1BF58778CB80}.Debug|x64.Build.0 = Debug|Any CPU
		{CFC658FE-0175-4F0C-BE65-1BF58778CB80}.Debug|x86.ActiveCfg = Debug|Any CPU
		{CFC658FE-0175-4F0C-BE65-1BF58778CB80}.Debug|x86.Build.0 = Debug|Any CPU
		{CFC658FE-0175-4F0C-BE65-1BF58778CB80}.Release|Any CPU.ActiveCfg = Release|Any CPU
		{CFC658FE-0175-4F0C-BE65-1BF58778CB80}.Release|Any CPU.Build.0 = Release|Any CPU
		{CFC658FE-0175-4F0C-BE65-1BF58778CB80}.Release|x64.ActiveCfg = Release|Any CPU
		{CFC658FE-0175-4F0C-BE65-1BF58778CB80}.Release|x64.Build.0 = Release|Any CPU
		{CFC658FE-0175-4F0C-BE65-1BF58778CB80}.Release|x86.ActiveCfg = Release|Any CPU
		{CFC658FE-0175-4F0C-BE65-1BF58778CB80}.Release|x86.Build.0 = Release|Any CPU
		{2DB4D842-D413-4A34-8B5B-5E2A42FF4EDD}.Debug|Any CPU.ActiveCfg = Debug|Any CPU
		{2DB4D842-D413-4A34-8B5B-5E2A42FF4EDD}.Debug|Any CPU.Build.0 = Debug|Any CPU
		{2DB4D842-D413-4A34-8B5B-5E2A42FF4EDD}.Debug|x64.ActiveCfg = Debug|Any CPU
		{2DB4D842-D413-4A34-8B5B-5E2A42FF4EDD}.Debug|x64.Build.0 = Debug|Any CPU
		{2DB4D842-D413-4A34-8B5B-5E2A42FF4EDD}.Debug|x86.ActiveCfg = Debug|Any CPU
		{2DB4D842-D413-4A34-8B5B-5E2A42FF4EDD}.Debug|x86.Build.0 = Debug|Any CPU
		{2DB4D842-D413-4A34-8B5B-5E2A42FF4EDD}.Release|Any CPU.ActiveCfg = Release|Any CPU
		{2DB4D842-D413-4A34-8B5B-5E2A42FF4EDD}.Release|Any CPU.Build.0 = Release|Any CPU
		{2DB4D842-D413-4A34-8B5B-5E2A42FF4EDD}.Release|x64.ActiveCfg = Release|Any CPU
		{2DB4D842-D413-4A34-8B5B-5E2A42FF4EDD}.Release|x64.Build.0 = Release|Any CPU
		{2DB4D842-D413-4A34-8B5B-5E2A42FF4EDD}.Release|x86.ActiveCfg = Release|Any CPU
		{2DB4D842-D413-4A34-8B5B-5E2A42FF4EDD}.Release|x86.Build.0 = Release|Any CPU
		{18BD34CA-115F-45F1-BE57-E89A34EEA31F}.Debug|Any CPU.ActiveCfg = Debug|Any CPU
		{18BD34CA-115F-45F1-BE57-E89A34EEA31F}.Debug|Any CPU.Build.0 = Debug|Any CPU
		{18BD34CA-115F-45F1-BE57-E89A34EEA31F}.Debug|x64.ActiveCfg = Debug|Any CPU
		{18BD34CA-115F-45F1-BE57-E89A34EEA31F}.Debug|x64.Build.0 = Debug|Any CPU
		{18BD34CA-115F-45F1-BE57-E89A34EEA31F}.Debug|x86.ActiveCfg = Debug|Any CPU
		{18BD34CA-115F-45F1-BE57-E89A34EEA31F}.Debug|x86.Build.0 = Debug|Any CPU
		{18BD34CA-115F-45F1-BE57-E89A34EEA31F}.Release|Any CPU.ActiveCfg = Release|Any CPU
		{18BD34CA-115F-45F1-BE57-E89A34EEA31F}.Release|Any CPU.Build.0 = Release|Any CPU
		{18BD34CA-115F-45F1-BE57-E89A34EEA31F}.Release|x64.ActiveCfg = Release|Any CPU
		{18BD34CA-115F-45F1-BE57-E89A34EEA31F}.Release|x64.Build.0 = Release|Any CPU
		{18BD34CA-115F-45F1-BE57-E89A34EEA31F}.Release|x86.ActiveCfg = Release|Any CPU
		{18BD34CA-115F-45F1-BE57-E89A34EEA31F}.Release|x86.Build.0 = Release|Any CPU
		{280F7AE3-707D-4F4B-A112-951556D8D331}.Debug|Any CPU.ActiveCfg = Debug|Any CPU
		{280F7AE3-707D-4F4B-A112-951556D8D331}.Debug|Any CPU.Build.0 = Debug|Any CPU
		{280F7AE3-707D-4F4B-A112-951556D8D331}.Debug|x64.ActiveCfg = Debug|Any CPU
		{280F7AE3-707D-4F4B-A112-951556D8D331}.Debug|x64.Build.0 = Debug|Any CPU
		{280F7AE3-707D-4F4B-A112-951556D8D331}.Debug|x86.ActiveCfg = Debug|Any CPU
		{280F7AE3-707D-4F4B-A112-951556D8D331}.Debug|x86.Build.0 = Debug|Any CPU
		{280F7AE3-707D-4F4B-A112-951556D8D331}.Release|Any CPU.ActiveCfg = Release|Any CPU
		{280F7AE3-707D-4F4B-A112-951556D8D331}.Release|Any CPU.Build.0 = Release|Any CPU
		{280F7AE3-707D-4F4B-A112-951556D8D331}.Release|x64.ActiveCfg = Release|Any CPU
		{280F7AE3-707D-4F4B-A112-951556D8D331}.Release|x64.Build.0 = Release|Any CPU
		{280F7AE3-707D-4F4B-A112-951556D8D331}.Release|x86.ActiveCfg = Release|Any CPU
		{280F7AE3-707D-4F4B-A112-951556D8D331}.Release|x86.Build.0 = Release|Any CPU
		{F0FA2F83-D4EF-415C-8C75-F6F294E8C768}.Debug|Any CPU.ActiveCfg = Debug|Any CPU
		{F0FA2F83-D4EF-415C-8C75-F6F294E8C768}.Debug|Any CPU.Build.0 = Debug|Any CPU
		{F0FA2F83-D4EF-415C-8C75-F6F294E8C768}.Debug|x64.ActiveCfg = Debug|Any CPU
		{F0FA2F83-D4EF-415C-8C75-F6F294E8C768}.Debug|x64.Build.0 = Debug|Any CPU
		{F0FA2F83-D4EF-415C-8C75-F6F294E8C768}.Debug|x86.ActiveCfg = Debug|Any CPU
		{F0FA2F83-D4EF-415C-8C75-F6F294E8C768}.Debug|x86.Build.0 = Debug|Any CPU
		{F0FA2F83-D4EF-415C-8C75-F6F294E8C768}.Release|Any CPU.ActiveCfg = Release|Any CPU
		{F0FA2F83-D4EF-415C-8C75-F6F294E8C768}.Release|Any CPU.Build.0 = Release|Any CPU
		{F0FA2F83-D4EF-415C-8C75-F6F294E8C768}.Release|x64.ActiveCfg = Release|Any CPU
		{F0FA2F83-D4EF-415C-8C75-F6F294E8C768}.Release|x64.Build.0 = Release|Any CPU
		{F0FA2F83-D4EF-415C-8C75-F6F294E8C768}.Release|x86.ActiveCfg = Release|Any CPU
		{F0FA2F83-D4EF-415C-8C75-F6F294E8C768}.Release|x86.Build.0 = Release|Any CPU
		{9FB28EE8-8271-4357-8B10-9083F9CA6781}.Debug|Any CPU.ActiveCfg = Debug|Any CPU
		{9FB28EE8-8271-4357-8B10-9083F9CA6781}.Debug|Any CPU.Build.0 = Debug|Any CPU
		{9FB28EE8-8271-4357-8B10-9083F9CA6781}.Debug|x64.ActiveCfg = Debug|Any CPU
		{9FB28EE8-8271-4357-8B10-9083F9CA6781}.Debug|x64.Build.0 = Debug|Any CPU
		{9FB28EE8-8271-4357-8B10-9083F9CA6781}.Debug|x86.ActiveCfg = Debug|Any CPU
		{9FB28EE8-8271-4357-8B10-9083F9CA6781}.Debug|x86.Build.0 = Debug|Any CPU
		{9FB28EE8-8271-4357-8B10-9083F9CA6781}.Release|Any CPU.ActiveCfg = Release|Any CPU
		{9FB28EE8-8271-4357-8B10-9083F9CA6781}.Release|Any CPU.Build.0 = Release|Any CPU
		{9FB28EE8-8271-4357-8B10-9083F9CA6781}.Release|x64.ActiveCfg = Release|Any CPU
		{9FB28EE8-8271-4357-8B10-9083F9CA6781}.Release|x64.Build.0 = Release|Any CPU
		{9FB28EE8-8271-4357-8B10-9083F9CA6781}.Release|x86.ActiveCfg = Release|Any CPU
		{9FB28EE8-8271-4357-8B10-9083F9CA6781}.Release|x86.Build.0 = Release|Any CPU
		{44B6579A-47D2-4708-BD95-DEBEBA891708}.Debug|Any CPU.ActiveCfg = Debug|Any CPU
		{44B6579A-47D2-4708-BD95-DEBEBA891708}.Debug|Any CPU.Build.0 = Debug|Any CPU
		{44B6579A-47D2-4708-BD95-DEBEBA891708}.Debug|x64.ActiveCfg = Debug|Any CPU
		{44B6579A-47D2-4708-BD95-DEBEBA891708}.Debug|x64.Build.0 = Debug|Any CPU
		{44B6579A-47D2-4708-BD95-DEBEBA891708}.Debug|x86.ActiveCfg = Debug|Any CPU
		{44B6579A-47D2-4708-BD95-DEBEBA891708}.Debug|x86.Build.0 = Debug|Any CPU
		{44B6579A-47D2-4708-BD95-DEBEBA891708}.Release|Any CPU.ActiveCfg = Release|Any CPU
		{44B6579A-47D2-4708-BD95-DEBEBA891708}.Release|Any CPU.Build.0 = Release|Any CPU
		{44B6579A-47D2-4708-BD95-DEBEBA891708}.Release|x64.ActiveCfg = Release|Any CPU
		{44B6579A-47D2-4708-BD95-DEBEBA891708}.Release|x64.Build.0 = Release|Any CPU
		{44B6579A-47D2-4708-BD95-DEBEBA891708}.Release|x86.ActiveCfg = Release|Any CPU
		{44B6579A-47D2-4708-BD95-DEBEBA891708}.Release|x86.Build.0 = Release|Any CPU
		{5B32C2F7-B76A-4F51-B14D-CCA1DF5CAC85}.Debug|Any CPU.ActiveCfg = Debug|Any CPU
		{5B32C2F7-B76A-4F51-B14D-CCA1DF5CAC85}.Debug|Any CPU.Build.0 = Debug|Any CPU
		{5B32C2F7-B76A-4F51-B14D-CCA1DF5CAC85}.Debug|x64.ActiveCfg = Debug|Any CPU
		{5B32C2F7-B76A-4F51-B14D-CCA1DF5CAC85}.Debug|x64.Build.0 = Debug|Any CPU
		{5B32C2F7-B76A-4F51-B14D-CCA1DF5CAC85}.Debug|x86.ActiveCfg = Debug|Any CPU
		{5B32C2F7-B76A-4F51-B14D-CCA1DF5CAC85}.Debug|x86.Build.0 = Debug|Any CPU
		{5B32C2F7-B76A-4F51-B14D-CCA1DF5CAC85}.Release|Any CPU.ActiveCfg = Release|Any CPU
		{5B32C2F7-B76A-4F51-B14D-CCA1DF5CAC85}.Release|Any CPU.Build.0 = Release|Any CPU
		{5B32C2F7-B76A-4F51-B14D-CCA1DF5CAC85}.Release|x64.ActiveCfg = Release|Any CPU
		{5B32C2F7-B76A-4F51-B14D-CCA1DF5CAC85}.Release|x64.Build.0 = Release|Any CPU
		{5B32C2F7-B76A-4F51-B14D-CCA1DF5CAC85}.Release|x86.ActiveCfg = Release|Any CPU
		{5B32C2F7-B76A-4F51-B14D-CCA1DF5CAC85}.Release|x86.Build.0 = Release|Any CPU
		{A2EC2AA4-3C56-4729-9CF3-D463555E7796}.Debug|Any CPU.ActiveCfg = Debug|Any CPU
		{A2EC2AA4-3C56-4729-9CF3-D463555E7796}.Debug|Any CPU.Build.0 = Debug|Any CPU
		{A2EC2AA4-3C56-4729-9CF3-D463555E7796}.Debug|x64.ActiveCfg = Debug|Any CPU
		{A2EC2AA4-3C56-4729-9CF3-D463555E7796}.Debug|x64.Build.0 = Debug|Any CPU
		{A2EC2AA4-3C56-4729-9CF3-D463555E7796}.Debug|x86.ActiveCfg = Debug|Any CPU
		{A2EC2AA4-3C56-4729-9CF3-D463555E7796}.Debug|x86.Build.0 = Debug|Any CPU
		{A2EC2AA4-3C56-4729-9CF3-D463555E7796}.Release|Any CPU.ActiveCfg = Release|Any CPU
		{A2EC2AA4-3C56-4729-9CF3-D463555E7796}.Release|Any CPU.Build.0 = Release|Any CPU
		{A2EC2AA4-3C56-4729-9CF3-D463555E7796}.Release|x64.ActiveCfg = Release|Any CPU
		{A2EC2AA4-3C56-4729-9CF3-D463555E7796}.Release|x64.Build.0 = Release|Any CPU
		{A2EC2AA4-3C56-4729-9CF3-D463555E7796}.Release|x86.ActiveCfg = Release|Any CPU
		{A2EC2AA4-3C56-4729-9CF3-D463555E7796}.Release|x86.Build.0 = Release|Any CPU
		{099CA19C-7496-4EB8-A0AE-7447C83A9DD0}.Debug|Any CPU.ActiveCfg = Debug|Any CPU
		{099CA19C-7496-4EB8-A0AE-7447C83A9DD0}.Debug|Any CPU.Build.0 = Debug|Any CPU
		{099CA19C-7496-4EB8-A0AE-7447C83A9DD0}.Debug|x64.ActiveCfg = Debug|Any CPU
		{099CA19C-7496-4EB8-A0AE-7447C83A9DD0}.Debug|x64.Build.0 = Debug|Any CPU
		{099CA19C-7496-4EB8-A0AE-7447C83A9DD0}.Debug|x86.ActiveCfg = Debug|Any CPU
		{099CA19C-7496-4EB8-A0AE-7447C83A9DD0}.Debug|x86.Build.0 = Debug|Any CPU
		{099CA19C-7496-4EB8-A0AE-7447C83A9DD0}.Release|Any CPU.ActiveCfg = Release|Any CPU
		{099CA19C-7496-4EB8-A0AE-7447C83A9DD0}.Release|Any CPU.Build.0 = Release|Any CPU
		{099CA19C-7496-4EB8-A0AE-7447C83A9DD0}.Release|x64.ActiveCfg = Release|Any CPU
		{099CA19C-7496-4EB8-A0AE-7447C83A9DD0}.Release|x64.Build.0 = Release|Any CPU
		{099CA19C-7496-4EB8-A0AE-7447C83A9DD0}.Release|x86.ActiveCfg = Release|Any CPU
		{099CA19C-7496-4EB8-A0AE-7447C83A9DD0}.Release|x86.Build.0 = Release|Any CPU
		{0CE8C317-2FA0-4FD9-8D05-EA5601170AD5}.Debug|Any CPU.ActiveCfg = Debug|Any CPU
		{0CE8C317-2FA0-4FD9-8D05-EA5601170AD5}.Debug|Any CPU.Build.0 = Debug|Any CPU
		{0CE8C317-2FA0-4FD9-8D05-EA5601170AD5}.Debug|x64.ActiveCfg = Debug|Any CPU
		{0CE8C317-2FA0-4FD9-8D05-EA5601170AD5}.Debug|x64.Build.0 = Debug|Any CPU
		{0CE8C317-2FA0-4FD9-8D05-EA5601170AD5}.Debug|x86.ActiveCfg = Debug|Any CPU
		{0CE8C317-2FA0-4FD9-8D05-EA5601170AD5}.Debug|x86.Build.0 = Debug|Any CPU
		{0CE8C317-2FA0-4FD9-8D05-EA5601170AD5}.Release|Any CPU.ActiveCfg = Release|Any CPU
		{0CE8C317-2FA0-4FD9-8D05-EA5601170AD5}.Release|Any CPU.Build.0 = Release|Any CPU
		{0CE8C317-2FA0-4FD9-8D05-EA5601170AD5}.Release|x64.ActiveCfg = Release|Any CPU
		{0CE8C317-2FA0-4FD9-8D05-EA5601170AD5}.Release|x64.Build.0 = Release|Any CPU
		{0CE8C317-2FA0-4FD9-8D05-EA5601170AD5}.Release|x86.ActiveCfg = Release|Any CPU
		{0CE8C317-2FA0-4FD9-8D05-EA5601170AD5}.Release|x86.Build.0 = Release|Any CPU
		{B70CB150-7E57-4F7F-BE95-022D8FD3671A}.Debug|Any CPU.ActiveCfg = Debug|Any CPU
		{B70CB150-7E57-4F7F-BE95-022D8FD3671A}.Debug|Any CPU.Build.0 = Debug|Any CPU
		{B70CB150-7E57-4F7F-BE95-022D8FD3671A}.Debug|x64.ActiveCfg = Debug|Any CPU
		{B70CB150-7E57-4F7F-BE95-022D8FD3671A}.Debug|x64.Build.0 = Debug|Any CPU
		{B70CB150-7E57-4F7F-BE95-022D8FD3671A}.Debug|x86.ActiveCfg = Debug|Any CPU
		{B70CB150-7E57-4F7F-BE95-022D8FD3671A}.Debug|x86.Build.0 = Debug|Any CPU
		{B70CB150-7E57-4F7F-BE95-022D8FD3671A}.Release|Any CPU.ActiveCfg = Release|Any CPU
		{B70CB150-7E57-4F7F-BE95-022D8FD3671A}.Release|Any CPU.Build.0 = Release|Any CPU
		{B70CB150-7E57-4F7F-BE95-022D8FD3671A}.Release|x64.ActiveCfg = Release|Any CPU
		{B70CB150-7E57-4F7F-BE95-022D8FD3671A}.Release|x64.Build.0 = Release|Any CPU
		{B70CB150-7E57-4F7F-BE95-022D8FD3671A}.Release|x86.ActiveCfg = Release|Any CPU
		{B70CB150-7E57-4F7F-BE95-022D8FD3671A}.Release|x86.Build.0 = Release|Any CPU
		{920BCF38-4757-4BB1-BD33-4596707C62CB}.Debug|Any CPU.ActiveCfg = Debug|Any CPU
		{920BCF38-4757-4BB1-BD33-4596707C62CB}.Debug|Any CPU.Build.0 = Debug|Any CPU
		{920BCF38-4757-4BB1-BD33-4596707C62CB}.Debug|x64.ActiveCfg = Debug|Any CPU
		{920BCF38-4757-4BB1-BD33-4596707C62CB}.Debug|x64.Build.0 = Debug|Any CPU
		{920BCF38-4757-4BB1-BD33-4596707C62CB}.Debug|x86.ActiveCfg = Debug|Any CPU
		{920BCF38-4757-4BB1-BD33-4596707C62CB}.Debug|x86.Build.0 = Debug|Any CPU
		{920BCF38-4757-4BB1-BD33-4596707C62CB}.Release|Any CPU.ActiveCfg = Release|Any CPU
		{920BCF38-4757-4BB1-BD33-4596707C62CB}.Release|Any CPU.Build.0 = Release|Any CPU
		{920BCF38-4757-4BB1-BD33-4596707C62CB}.Release|x64.ActiveCfg = Release|Any CPU
		{920BCF38-4757-4BB1-BD33-4596707C62CB}.Release|x64.Build.0 = Release|Any CPU
		{920BCF38-4757-4BB1-BD33-4596707C62CB}.Release|x86.ActiveCfg = Release|Any CPU
		{920BCF38-4757-4BB1-BD33-4596707C62CB}.Release|x86.Build.0 = Release|Any CPU
		{E8A26071-D01A-4C04-8F25-D50388AE18CE}.Debug|Any CPU.ActiveCfg = Debug|Any CPU
		{E8A26071-D01A-4C04-8F25-D50388AE18CE}.Debug|Any CPU.Build.0 = Debug|Any CPU
		{E8A26071-D01A-4C04-8F25-D50388AE18CE}.Debug|x64.ActiveCfg = Debug|Any CPU
		{E8A26071-D01A-4C04-8F25-D50388AE18CE}.Debug|x64.Build.0 = Debug|Any CPU
		{E8A26071-D01A-4C04-8F25-D50388AE18CE}.Debug|x86.ActiveCfg = Debug|Any CPU
		{E8A26071-D01A-4C04-8F25-D50388AE18CE}.Debug|x86.Build.0 = Debug|Any CPU
		{E8A26071-D01A-4C04-8F25-D50388AE18CE}.Release|Any CPU.ActiveCfg = Release|Any CPU
		{E8A26071-D01A-4C04-8F25-D50388AE18CE}.Release|Any CPU.Build.0 = Release|Any CPU
		{E8A26071-D01A-4C04-8F25-D50388AE18CE}.Release|x64.ActiveCfg = Release|Any CPU
		{E8A26071-D01A-4C04-8F25-D50388AE18CE}.Release|x64.Build.0 = Release|Any CPU
		{E8A26071-D01A-4C04-8F25-D50388AE18CE}.Release|x86.ActiveCfg = Release|Any CPU
		{E8A26071-D01A-4C04-8F25-D50388AE18CE}.Release|x86.Build.0 = Release|Any CPU
		{5245EA57-9622-4F57-A1C3-07FF9369265C}.Debug|Any CPU.ActiveCfg = Debug|Any CPU
		{5245EA57-9622-4F57-A1C3-07FF9369265C}.Debug|Any CPU.Build.0 = Debug|Any CPU
		{5245EA57-9622-4F57-A1C3-07FF9369265C}.Debug|x64.ActiveCfg = Debug|Any CPU
		{5245EA57-9622-4F57-A1C3-07FF9369265C}.Debug|x64.Build.0 = Debug|Any CPU
		{5245EA57-9622-4F57-A1C3-07FF9369265C}.Debug|x86.ActiveCfg = Debug|Any CPU
		{5245EA57-9622-4F57-A1C3-07FF9369265C}.Debug|x86.Build.0 = Debug|Any CPU
		{5245EA57-9622-4F57-A1C3-07FF9369265C}.Release|Any CPU.ActiveCfg = Release|Any CPU
		{5245EA57-9622-4F57-A1C3-07FF9369265C}.Release|Any CPU.Build.0 = Release|Any CPU
		{5245EA57-9622-4F57-A1C3-07FF9369265C}.Release|x64.ActiveCfg = Release|Any CPU
		{5245EA57-9622-4F57-A1C3-07FF9369265C}.Release|x64.Build.0 = Release|Any CPU
		{5245EA57-9622-4F57-A1C3-07FF9369265C}.Release|x86.ActiveCfg = Release|Any CPU
		{5245EA57-9622-4F57-A1C3-07FF9369265C}.Release|x86.Build.0 = Release|Any CPU
		{8B956F15-DF64-4BB2-9F92-5FCFBED6C561}.Debug|Any CPU.ActiveCfg = Debug|Any CPU
		{8B956F15-DF64-4BB2-9F92-5FCFBED6C561}.Debug|Any CPU.Build.0 = Debug|Any CPU
		{8B956F15-DF64-4BB2-9F92-5FCFBED6C561}.Debug|x64.ActiveCfg = Debug|Any CPU
		{8B956F15-DF64-4BB2-9F92-5FCFBED6C561}.Debug|x64.Build.0 = Debug|Any CPU
		{8B956F15-DF64-4BB2-9F92-5FCFBED6C561}.Debug|x86.ActiveCfg = Debug|Any CPU
		{8B956F15-DF64-4BB2-9F92-5FCFBED6C561}.Debug|x86.Build.0 = Debug|Any CPU
		{8B956F15-DF64-4BB2-9F92-5FCFBED6C561}.Release|Any CPU.ActiveCfg = Release|Any CPU
		{8B956F15-DF64-4BB2-9F92-5FCFBED6C561}.Release|Any CPU.Build.0 = Release|Any CPU
		{8B956F15-DF64-4BB2-9F92-5FCFBED6C561}.Release|x64.ActiveCfg = Release|Any CPU
		{8B956F15-DF64-4BB2-9F92-5FCFBED6C561}.Release|x64.Build.0 = Release|Any CPU
		{8B956F15-DF64-4BB2-9F92-5FCFBED6C561}.Release|x86.ActiveCfg = Release|Any CPU
		{8B956F15-DF64-4BB2-9F92-5FCFBED6C561}.Release|x86.Build.0 = Release|Any CPU
		{9130DF31-A00A-42A6-9D5D-BF52F854C252}.Debug|Any CPU.ActiveCfg = Debug|Any CPU
		{9130DF31-A00A-42A6-9D5D-BF52F854C252}.Debug|Any CPU.Build.0 = Debug|Any CPU
		{9130DF31-A00A-42A6-9D5D-BF52F854C252}.Debug|x64.ActiveCfg = Debug|Any CPU
		{9130DF31-A00A-42A6-9D5D-BF52F854C252}.Debug|x64.Build.0 = Debug|Any CPU
		{9130DF31-A00A-42A6-9D5D-BF52F854C252}.Debug|x86.ActiveCfg = Debug|Any CPU
		{9130DF31-A00A-42A6-9D5D-BF52F854C252}.Debug|x86.Build.0 = Debug|Any CPU
		{9130DF31-A00A-42A6-9D5D-BF52F854C252}.Release|Any CPU.ActiveCfg = Release|Any CPU
		{9130DF31-A00A-42A6-9D5D-BF52F854C252}.Release|Any CPU.Build.0 = Release|Any CPU
		{9130DF31-A00A-42A6-9D5D-BF52F854C252}.Release|x64.ActiveCfg = Release|Any CPU
		{9130DF31-A00A-42A6-9D5D-BF52F854C252}.Release|x64.Build.0 = Release|Any CPU
		{9130DF31-A00A-42A6-9D5D-BF52F854C252}.Release|x86.ActiveCfg = Release|Any CPU
		{9130DF31-A00A-42A6-9D5D-BF52F854C252}.Release|x86.Build.0 = Release|Any CPU
		{81F1B3B2-D088-A39A-927D-106DFA9E05DB}.Debug|Any CPU.ActiveCfg = Debug|Any CPU
		{81F1B3B2-D088-A39A-927D-106DFA9E05DB}.Debug|Any CPU.Build.0 = Debug|Any CPU
		{81F1B3B2-D088-A39A-927D-106DFA9E05DB}.Debug|x64.ActiveCfg = Debug|Any CPU
		{81F1B3B2-D088-A39A-927D-106DFA9E05DB}.Debug|x64.Build.0 = Debug|Any CPU
		{81F1B3B2-D088-A39A-927D-106DFA9E05DB}.Debug|x86.ActiveCfg = Debug|Any CPU
		{81F1B3B2-D088-A39A-927D-106DFA9E05DB}.Debug|x86.Build.0 = Debug|Any CPU
		{81F1B3B2-D088-A39A-927D-106DFA9E05DB}.Release|Any CPU.ActiveCfg = Release|Any CPU
		{81F1B3B2-D088-A39A-927D-106DFA9E05DB}.Release|Any CPU.Build.0 = Release|Any CPU
		{81F1B3B2-D088-A39A-927D-106DFA9E05DB}.Release|x64.ActiveCfg = Release|Any CPU
		{81F1B3B2-D088-A39A-927D-106DFA9E05DB}.Release|x64.Build.0 = Release|Any CPU
		{81F1B3B2-D088-A39A-927D-106DFA9E05DB}.Release|x86.ActiveCfg = Release|Any CPU
		{81F1B3B2-D088-A39A-927D-106DFA9E05DB}.Release|x86.Build.0 = Release|Any CPU
		{D2EC0EA4-7A75-92CD-175B-F630ED1D7383}.Debug|Any CPU.ActiveCfg = Debug|Any CPU
		{D2EC0EA4-7A75-92CD-175B-F630ED1D7383}.Debug|Any CPU.Build.0 = Debug|Any CPU
		{D2EC0EA4-7A75-92CD-175B-F630ED1D7383}.Debug|x64.ActiveCfg = Debug|Any CPU
		{D2EC0EA4-7A75-92CD-175B-F630ED1D7383}.Debug|x64.Build.0 = Debug|Any CPU
		{D2EC0EA4-7A75-92CD-175B-F630ED1D7383}.Debug|x86.ActiveCfg = Debug|Any CPU
		{D2EC0EA4-7A75-92CD-175B-F630ED1D7383}.Debug|x86.Build.0 = Debug|Any CPU
		{D2EC0EA4-7A75-92CD-175B-F630ED1D7383}.Release|Any CPU.ActiveCfg = Release|Any CPU
		{D2EC0EA4-7A75-92CD-175B-F630ED1D7383}.Release|Any CPU.Build.0 = Release|Any CPU
		{D2EC0EA4-7A75-92CD-175B-F630ED1D7383}.Release|x64.ActiveCfg = Release|Any CPU
		{D2EC0EA4-7A75-92CD-175B-F630ED1D7383}.Release|x64.Build.0 = Release|Any CPU
		{D2EC0EA4-7A75-92CD-175B-F630ED1D7383}.Release|x86.ActiveCfg = Release|Any CPU
		{D2EC0EA4-7A75-92CD-175B-F630ED1D7383}.Release|x86.Build.0 = Release|Any CPU
		{4496BE84-2EB7-3D09-073E-F518800D688D}.Debug|Any CPU.ActiveCfg = Debug|Any CPU
		{4496BE84-2EB7-3D09-073E-F518800D688D}.Debug|Any CPU.Build.0 = Debug|Any CPU
		{4496BE84-2EB7-3D09-073E-F518800D688D}.Debug|x64.ActiveCfg = Debug|Any CPU
		{4496BE84-2EB7-3D09-073E-F518800D688D}.Debug|x64.Build.0 = Debug|Any CPU
		{4496BE84-2EB7-3D09-073E-F518800D688D}.Debug|x86.ActiveCfg = Debug|Any CPU
		{4496BE84-2EB7-3D09-073E-F518800D688D}.Debug|x86.Build.0 = Debug|Any CPU
		{4496BE84-2EB7-3D09-073E-F518800D688D}.Release|Any CPU.ActiveCfg = Release|Any CPU
		{4496BE84-2EB7-3D09-073E-F518800D688D}.Release|Any CPU.Build.0 = Release|Any CPU
		{4496BE84-2EB7-3D09-073E-F518800D688D}.Release|x64.ActiveCfg = Release|Any CPU
		{4496BE84-2EB7-3D09-073E-F518800D688D}.Release|x64.Build.0 = Release|Any CPU
		{4496BE84-2EB7-3D09-073E-F518800D688D}.Release|x86.ActiveCfg = Release|Any CPU
		{4496BE84-2EB7-3D09-073E-F518800D688D}.Release|x86.Build.0 = Release|Any CPU
		{39A1BCB7-E46B-5340-7DED-41AB8AFDB6D4}.Debug|Any CPU.ActiveCfg = Debug|Any CPU
		{39A1BCB7-E46B-5340-7DED-41AB8AFDB6D4}.Debug|Any CPU.Build.0 = Debug|Any CPU
		{39A1BCB7-E46B-5340-7DED-41AB8AFDB6D4}.Debug|x64.ActiveCfg = Debug|Any CPU
		{39A1BCB7-E46B-5340-7DED-41AB8AFDB6D4}.Debug|x64.Build.0 = Debug|Any CPU
		{39A1BCB7-E46B-5340-7DED-41AB8AFDB6D4}.Debug|x86.ActiveCfg = Debug|Any CPU
		{39A1BCB7-E46B-5340-7DED-41AB8AFDB6D4}.Debug|x86.Build.0 = Debug|Any CPU
		{39A1BCB7-E46B-5340-7DED-41AB8AFDB6D4}.Release|Any CPU.ActiveCfg = Release|Any CPU
		{39A1BCB7-E46B-5340-7DED-41AB8AFDB6D4}.Release|Any CPU.Build.0 = Release|Any CPU
		{39A1BCB7-E46B-5340-7DED-41AB8AFDB6D4}.Release|x64.ActiveCfg = Release|Any CPU
		{39A1BCB7-E46B-5340-7DED-41AB8AFDB6D4}.Release|x64.Build.0 = Release|Any CPU
		{39A1BCB7-E46B-5340-7DED-41AB8AFDB6D4}.Release|x86.ActiveCfg = Release|Any CPU
		{39A1BCB7-E46B-5340-7DED-41AB8AFDB6D4}.Release|x86.Build.0 = Release|Any CPU
		{08449DD7-4168-42AB-8CA6-6D9155467C6D}.Debug|Any CPU.ActiveCfg = Debug|Any CPU
		{08449DD7-4168-42AB-8CA6-6D9155467C6D}.Debug|Any CPU.Build.0 = Debug|Any CPU
		{08449DD7-4168-42AB-8CA6-6D9155467C6D}.Debug|x64.ActiveCfg = Debug|Any CPU
		{08449DD7-4168-42AB-8CA6-6D9155467C6D}.Debug|x64.Build.0 = Debug|Any CPU
		{08449DD7-4168-42AB-8CA6-6D9155467C6D}.Debug|x86.ActiveCfg = Debug|Any CPU
		{08449DD7-4168-42AB-8CA6-6D9155467C6D}.Debug|x86.Build.0 = Debug|Any CPU
		{08449DD7-4168-42AB-8CA6-6D9155467C6D}.Release|Any CPU.ActiveCfg = Release|Any CPU
		{08449DD7-4168-42AB-8CA6-6D9155467C6D}.Release|Any CPU.Build.0 = Release|Any CPU
		{08449DD7-4168-42AB-8CA6-6D9155467C6D}.Release|x64.ActiveCfg = Release|Any CPU
		{08449DD7-4168-42AB-8CA6-6D9155467C6D}.Release|x64.Build.0 = Release|Any CPU
		{08449DD7-4168-42AB-8CA6-6D9155467C6D}.Release|x86.ActiveCfg = Release|Any CPU
		{08449DD7-4168-42AB-8CA6-6D9155467C6D}.Release|x86.Build.0 = Release|Any CPU
		{39150F8C-4902-D01C-BE58-E10B2FFEE28A}.Debug|Any CPU.ActiveCfg = Debug|Any CPU
		{39150F8C-4902-D01C-BE58-E10B2FFEE28A}.Debug|Any CPU.Build.0 = Debug|Any CPU
		{39150F8C-4902-D01C-BE58-E10B2FFEE28A}.Debug|x64.ActiveCfg = Debug|Any CPU
		{39150F8C-4902-D01C-BE58-E10B2FFEE28A}.Debug|x64.Build.0 = Debug|Any CPU
		{39150F8C-4902-D01C-BE58-E10B2FFEE28A}.Debug|x86.ActiveCfg = Debug|Any CPU
		{39150F8C-4902-D01C-BE58-E10B2FFEE28A}.Debug|x86.Build.0 = Debug|Any CPU
		{39150F8C-4902-D01C-BE58-E10B2FFEE28A}.Release|Any CPU.ActiveCfg = Release|Any CPU
		{39150F8C-4902-D01C-BE58-E10B2FFEE28A}.Release|Any CPU.Build.0 = Release|Any CPU
		{39150F8C-4902-D01C-BE58-E10B2FFEE28A}.Release|x64.ActiveCfg = Release|Any CPU
		{39150F8C-4902-D01C-BE58-E10B2FFEE28A}.Release|x64.Build.0 = Release|Any CPU
		{39150F8C-4902-D01C-BE58-E10B2FFEE28A}.Release|x86.ActiveCfg = Release|Any CPU
		{39150F8C-4902-D01C-BE58-E10B2FFEE28A}.Release|x86.Build.0 = Release|Any CPU
		{076EE9F1-EB6C-0DE0-C306-3678DF697259}.Debug|Any CPU.ActiveCfg = Debug|Any CPU
		{076EE9F1-EB6C-0DE0-C306-3678DF697259}.Debug|Any CPU.Build.0 = Debug|Any CPU
		{076EE9F1-EB6C-0DE0-C306-3678DF697259}.Debug|x64.ActiveCfg = Debug|Any CPU
		{076EE9F1-EB6C-0DE0-C306-3678DF697259}.Debug|x64.Build.0 = Debug|Any CPU
		{076EE9F1-EB6C-0DE0-C306-3678DF697259}.Debug|x86.ActiveCfg = Debug|Any CPU
		{076EE9F1-EB6C-0DE0-C306-3678DF697259}.Debug|x86.Build.0 = Debug|Any CPU
		{076EE9F1-EB6C-0DE0-C306-3678DF697259}.Release|Any CPU.ActiveCfg = Release|Any CPU
		{076EE9F1-EB6C-0DE0-C306-3678DF697259}.Release|Any CPU.Build.0 = Release|Any CPU
		{076EE9F1-EB6C-0DE0-C306-3678DF697259}.Release|x64.ActiveCfg = Release|Any CPU
		{076EE9F1-EB6C-0DE0-C306-3678DF697259}.Release|x64.Build.0 = Release|Any CPU
		{076EE9F1-EB6C-0DE0-C306-3678DF697259}.Release|x86.ActiveCfg = Release|Any CPU
		{076EE9F1-EB6C-0DE0-C306-3678DF697259}.Release|x86.Build.0 = Release|Any CPU
		{9C83706C-651C-A234-94EF-C3F4438491FA}.Debug|Any CPU.ActiveCfg = Debug|Any CPU
		{9C83706C-651C-A234-94EF-C3F4438491FA}.Debug|Any CPU.Build.0 = Debug|Any CPU
		{9C83706C-651C-A234-94EF-C3F4438491FA}.Debug|x64.ActiveCfg = Debug|Any CPU
		{9C83706C-651C-A234-94EF-C3F4438491FA}.Debug|x64.Build.0 = Debug|Any CPU
		{9C83706C-651C-A234-94EF-C3F4438491FA}.Debug|x86.ActiveCfg = Debug|Any CPU
		{9C83706C-651C-A234-94EF-C3F4438491FA}.Debug|x86.Build.0 = Debug|Any CPU
		{9C83706C-651C-A234-94EF-C3F4438491FA}.Release|Any CPU.ActiveCfg = Release|Any CPU
		{9C83706C-651C-A234-94EF-C3F4438491FA}.Release|Any CPU.Build.0 = Release|Any CPU
		{9C83706C-651C-A234-94EF-C3F4438491FA}.Release|x64.ActiveCfg = Release|Any CPU
		{9C83706C-651C-A234-94EF-C3F4438491FA}.Release|x64.Build.0 = Release|Any CPU
		{9C83706C-651C-A234-94EF-C3F4438491FA}.Release|x86.ActiveCfg = Release|Any CPU
		{9C83706C-651C-A234-94EF-C3F4438491FA}.Release|x86.Build.0 = Release|Any CPU
		{3F3B2CBD-DEAE-67F1-2FF8-06FE70A27FCA}.Debug|Any CPU.ActiveCfg = Debug|Any CPU
		{3F3B2CBD-DEAE-67F1-2FF8-06FE70A27FCA}.Debug|Any CPU.Build.0 = Debug|Any CPU
		{3F3B2CBD-DEAE-67F1-2FF8-06FE70A27FCA}.Debug|x64.ActiveCfg = Debug|Any CPU
		{3F3B2CBD-DEAE-67F1-2FF8-06FE70A27FCA}.Debug|x64.Build.0 = Debug|Any CPU
		{3F3B2CBD-DEAE-67F1-2FF8-06FE70A27FCA}.Debug|x86.ActiveCfg = Debug|Any CPU
		{3F3B2CBD-DEAE-67F1-2FF8-06FE70A27FCA}.Debug|x86.Build.0 = Debug|Any CPU
		{3F3B2CBD-DEAE-67F1-2FF8-06FE70A27FCA}.Release|Any CPU.ActiveCfg = Release|Any CPU
		{3F3B2CBD-DEAE-67F1-2FF8-06FE70A27FCA}.Release|Any CPU.Build.0 = Release|Any CPU
		{3F3B2CBD-DEAE-67F1-2FF8-06FE70A27FCA}.Release|x64.ActiveCfg = Release|Any CPU
		{3F3B2CBD-DEAE-67F1-2FF8-06FE70A27FCA}.Release|x64.Build.0 = Release|Any CPU
		{3F3B2CBD-DEAE-67F1-2FF8-06FE70A27FCA}.Release|x86.ActiveCfg = Release|Any CPU
		{3F3B2CBD-DEAE-67F1-2FF8-06FE70A27FCA}.Release|x86.Build.0 = Release|Any CPU
	EndGlobalSection
	GlobalSection(SolutionProperties) = preSolution
		HideSolutionNode = FALSE
	EndGlobalSection
	GlobalSection(NestedProjects) = preSolution
		{CFC658FE-0175-4F0C-BE65-1BF58778CB80} = {360628A2-BE65-DA5C-AC04-76A69A9DE92B}
		{2DB4D842-D413-4A34-8B5B-5E2A42FF4EDD} = {360628A2-BE65-DA5C-AC04-76A69A9DE92B}
		{18BD34CA-115F-45F1-BE57-E89A34EEA31F} = {360628A2-BE65-DA5C-AC04-76A69A9DE92B}
		{280F7AE3-707D-4F4B-A112-951556D8D331} = {360628A2-BE65-DA5C-AC04-76A69A9DE92B}
		{F0FA2F83-D4EF-415C-8C75-F6F294E8C768} = {1EA356A3-F4AF-A578-58D6-41F39E0EC380}
		{9FB28EE8-8271-4357-8B10-9083F9CA6781} = {1EA356A3-F4AF-A578-58D6-41F39E0EC380}
		{44B6579A-47D2-4708-BD95-DEBEBA891708} = {1EA356A3-F4AF-A578-58D6-41F39E0EC380}
		{5B32C2F7-B76A-4F51-B14D-CCA1DF5CAC85} = {1EA356A3-F4AF-A578-58D6-41F39E0EC380}
		{A2EC2AA4-3C56-4729-9CF3-D463555E7796} = {288A445D-3B59-671C-B7F0-31F5A1053A95}
		{099CA19C-7496-4EB8-A0AE-7447C83A9DD0} = {288A445D-3B59-671C-B7F0-31F5A1053A95}
		{0CE8C317-2FA0-4FD9-8D05-EA5601170AD5} = {288A445D-3B59-671C-B7F0-31F5A1053A95}
		{B70CB150-7E57-4F7F-BE95-022D8FD3671A} = {288A445D-3B59-671C-B7F0-31F5A1053A95}
		{920BCF38-4757-4BB1-BD33-4596707C62CB} = {F3EF090A-8EAA-B67E-D746-51FA7453DB97}
		{E8A26071-D01A-4C04-8F25-D50388AE18CE} = {F3EF090A-8EAA-B67E-D746-51FA7453DB97}
		{5245EA57-9622-4F57-A1C3-07FF9369265C} = {F3EF090A-8EAA-B67E-D746-51FA7453DB97}
		{8B956F15-DF64-4BB2-9F92-5FCFBED6C561} = {F3EF090A-8EAA-B67E-D746-51FA7453DB97}
		{81F1B3B2-D088-A39A-927D-106DFA9E05DB} = {02EA681E-C7D8-13C7-8484-4AC65E1B71E8}
		{D2EC0EA4-7A75-92CD-175B-F630ED1D7383} = {02EA681E-C7D8-13C7-8484-4AC65E1B71E8}
		{4496BE84-2EB7-3D09-073E-F518800D688D} = {02EA681E-C7D8-13C7-8484-4AC65E1B71E8}
		{39A1BCB7-E46B-5340-7DED-41AB8AFDB6D4} = {02EA681E-C7D8-13C7-8484-4AC65E1B71E8}
		{08449DD7-4168-42AB-8CA6-6D9155467C6D} = {02EA681E-C7D8-13C7-8484-4AC65E1B71E8}
		{39150F8C-4902-D01C-BE58-E10B2FFEE28A} = {10504121-1BBD-4FB4-9C0B-9D93D42A3172}
		{076EE9F1-EB6C-0DE0-C306-3678DF697259} = {10504121-1BBD-4FB4-9C0B-9D93D42A3172}
		{9C83706C-651C-A234-94EF-C3F4438491FA} = {10504121-1BBD-4FB4-9C0B-9D93D42A3172}
		{3F3B2CBD-DEAE-67F1-2FF8-06FE70A27FCA} = {10504121-1BBD-4FB4-9C0B-9D93D42A3172}
	EndGlobalSection
	GlobalSection(ExtensibilityGlobals) = postSolution
		SolutionGuid = {EFA94410-D72E-4F55-AD74-F31651A23E29}
	EndGlobalSection
EndGlobal
